
Microsoft Visual Studio Solution File, Format Version 12.00
# Visual Studio 15
VisualStudioVersion = 15.0.26730.10
MinimumVisualStudioVersion = 10.0.40219.1
Project("{FAE04EC0-301F-11D3-BF4B-00C04F79EFBC}") = "Main", "Main\Main.csproj", "{E8150ABC-723E-4D4F-BDB8-66A5E5C84530}"
EndProject
Project("{FAE04EC0-301F-11D3-BF4B-00C04F79EFBC}") = "Core", "Core\Core.csproj", "{5442D2B6-C698-464D-A934-AA2706F3B95C}"
EndProject
Project("{FAE04EC0-301F-11D3-BF4B-00C04F79EFBC}") = "Core.Test", "Core.Test\Core.Test.csproj", "{9A67FE0A-E176-4A3F-B52E-7148D76AB7AB}"
EndProject
Project("{FAE04EC0-301F-11D3-BF4B-00C04F79EFBC}") = "Tokenization", "Tokenization\Tokenization.csproj", "{BF62CD42-7CDC-4616-9B25-49E985FFF1F7}"
EndProject
Project("{FAE04EC0-301F-11D3-BF4B-00C04F79EFBC}") = "Tokenization.Test", "Tokenization.Test\Tokenization.Test.csproj", "{A88178CB-54E6-4B6B-A290-F14BDDAA85D2}"
EndProject
Project("{FAE04EC0-301F-11D3-BF4B-00C04F79EFBC}") = "Vocabulary", "Vocabulary\Vocabulary.csproj", "{9C9EFB87-FDD6-42D2-A32E-8F3E3A95ED5B}"
EndProject
Project("{FAE04EC0-301F-11D3-BF4B-00C04F79EFBC}") = "Vocabulary.Test", "Vocabulary.Test\Vocabulary.Test.csproj", "{5DB8EAA2-CF5D-487C-A19E-D67C6B492539}"
EndProject
Project("{FAE04EC0-301F-11D3-BF4B-00C04F79EFBC}") = "Grammar", "Grammar\Grammar.csproj", "{13FC0B05-5926-4626-89C0-296CCF7444A7}"
EndProject
Project("{FAE04EC0-301F-11D3-BF4B-00C04F79EFBC}") = "Grammar.Test", "Grammar.Test\Grammar.Test.csproj", "{A0B1C924-AE74-416D-B567-1933BA409474}"
EndProject
Project("{2150E333-8FDC-42A3-9474-1A3956D46DE8}") = "Languages", "Languages", "{BDD0CC39-5FA5-4BB2-A9D3-B38240D857DE}"
EndProject
Project("{2150E333-8FDC-42A3-9474-1A3956D46DE8}") = "EnglishSwedish", "EnglishSwedish", "{14D87B41-8AB2-4596-90AD-42093F1C9674}"
	ProjectSection(SolutionItems) = preProject
		Languages\EnglishSwedish\Expanders.txt = Languages\EnglishSwedish\Expanders.txt
		Languages\EnglishSwedish\Patterns.txt = Languages\EnglishSwedish\Patterns.txt
		Languages\EnglishSwedish\Rearrangements.txt = Languages\EnglishSwedish\Rearrangements.txt
	EndProjectSection
EndProject
Project("{2150E333-8FDC-42A3-9474-1A3956D46DE8}") = "Words", "Words", "{BDD18A92-72EC-4F70-B32E-84844C60AAD7}"
	ProjectSection(SolutionItems) = preProject
		Languages\EnglishSwedish\Words\Abbreviations.txt = Languages\EnglishSwedish\Words\Abbreviations.txt
		Languages\EnglishSwedish\Words\Adjectives.txt = Languages\EnglishSwedish\Words\Adjectives.txt
		Languages\EnglishSwedish\Words\Articles.txt = Languages\EnglishSwedish\Words\Articles.txt
		Languages\EnglishSwedish\Words\Auxiliarys.txt = Languages\EnglishSwedish\Words\Auxiliarys.txt
		Languages\EnglishSwedish\Words\Conjunctions.txt = Languages\EnglishSwedish\Words\Conjunctions.txt
		Languages\EnglishSwedish\Words\Greetings.txt = Languages\EnglishSwedish\Words\Greetings.txt
		Languages\EnglishSwedish\Words\InfinitiveMarkers.txt = Languages\EnglishSwedish\Words\InfinitiveMarkers.txt
		Languages\EnglishSwedish\Words\Nouns.txt = Languages\EnglishSwedish\Words\Nouns.txt
		Languages\EnglishSwedish\Words\Prepositions.txt = Languages\EnglishSwedish\Words\Prepositions.txt
		Languages\EnglishSwedish\Words\Pronouns.txt = Languages\EnglishSwedish\Words\Pronouns.txt
		Languages\EnglishSwedish\Words\Quantifiers.txt = Languages\EnglishSwedish\Words\Quantifiers.txt
		Languages\EnglishSwedish\Words\Verbs.txt = Languages\EnglishSwedish\Words\Verbs.txt
	EndProjectSection
EndProject
Global
	GlobalSection(SolutionConfigurationPlatforms) = preSolution
		Debug|Any CPU = Debug|Any CPU
		Release|Any CPU = Release|Any CPU
	EndGlobalSection
	GlobalSection(ProjectConfigurationPlatforms) = postSolution
		{E8150ABC-723E-4D4F-BDB8-66A5E5C84530}.Debug|Any CPU.ActiveCfg = Debug|Any CPU
		{E8150ABC-723E-4D4F-BDB8-66A5E5C84530}.Debug|Any CPU.Build.0 = Debug|Any CPU
		{E8150ABC-723E-4D4F-BDB8-66A5E5C84530}.Release|Any CPU.ActiveCfg = Release|Any CPU
		{E8150ABC-723E-4D4F-BDB8-66A5E5C84530}.Release|Any CPU.Build.0 = Release|Any CPU
		{5442D2B6-C698-464D-A934-AA2706F3B95C}.Debug|Any CPU.ActiveCfg = Debug|Any CPU
		{5442D2B6-C698-464D-A934-AA2706F3B95C}.Debug|Any CPU.Build.0 = Debug|Any CPU
		{5442D2B6-C698-464D-A934-AA2706F3B95C}.Release|Any CPU.ActiveCfg = Release|Any CPU
		{5442D2B6-C698-464D-A934-AA2706F3B95C}.Release|Any CPU.Build.0 = Release|Any CPU
		{9A67FE0A-E176-4A3F-B52E-7148D76AB7AB}.Debug|Any CPU.ActiveCfg = Debug|Any CPU
		{9A67FE0A-E176-4A3F-B52E-7148D76AB7AB}.Debug|Any CPU.Build.0 = Debug|Any CPU
		{9A67FE0A-E176-4A3F-B52E-7148D76AB7AB}.Release|Any CPU.ActiveCfg = Release|Any CPU
		{9A67FE0A-E176-4A3F-B52E-7148D76AB7AB}.Release|Any CPU.Build.0 = Release|Any CPU
		{BF62CD42-7CDC-4616-9B25-49E985FFF1F7}.Debug|Any CPU.ActiveCfg = Debug|Any CPU
		{BF62CD42-7CDC-4616-9B25-49E985FFF1F7}.Debug|Any CPU.Build.0 = Debug|Any CPU
		{BF62CD42-7CDC-4616-9B25-49E985FFF1F7}.Release|Any CPU.ActiveCfg = Release|Any CPU
		{BF62CD42-7CDC-4616-9B25-49E985FFF1F7}.Release|Any CPU.Build.0 = Release|Any CPU
		{A88178CB-54E6-4B6B-A290-F14BDDAA85D2}.Debug|Any CPU.ActiveCfg = Debug|Any CPU
		{A88178CB-54E6-4B6B-A290-F14BDDAA85D2}.Debug|Any CPU.Build.0 = Debug|Any CPU
		{A88178CB-54E6-4B6B-A290-F14BDDAA85D2}.Release|Any CPU.ActiveCfg = Release|Any CPU
		{A88178CB-54E6-4B6B-A290-F14BDDAA85D2}.Release|Any CPU.Build.0 = Release|Any CPU
		{9C9EFB87-FDD6-42D2-A32E-8F3E3A95ED5B}.Debug|Any CPU.ActiveCfg = Debug|Any CPU
		{9C9EFB87-FDD6-42D2-A32E-8F3E3A95ED5B}.Debug|Any CPU.Build.0 = Debug|Any CPU
		{9C9EFB87-FDD6-42D2-A32E-8F3E3A95ED5B}.Release|Any CPU.ActiveCfg = Release|Any CPU
		{9C9EFB87-FDD6-42D2-A32E-8F3E3A95ED5B}.Release|Any CPU.Build.0 = Release|Any CPU
		{5DB8EAA2-CF5D-487C-A19E-D67C6B492539}.Debug|Any CPU.ActiveCfg = Debug|Any CPU
		{5DB8EAA2-CF5D-487C-A19E-D67C6B492539}.Debug|Any CPU.Build.0 = Debug|Any CPU
		{5DB8EAA2-CF5D-487C-A19E-D67C6B492539}.Release|Any CPU.ActiveCfg = Release|Any CPU
		{5DB8EAA2-CF5D-487C-A19E-D67C6B492539}.Release|Any CPU.Build.0 = Release|Any CPU
		{13FC0B05-5926-4626-89C0-296CCF7444A7}.Debug|Any CPU.ActiveCfg = Debug|Any CPU
		{13FC0B05-5926-4626-89C0-296CCF7444A7}.Debug|Any CPU.Build.0 = Debug|Any CPU
		{13FC0B05-5926-4626-89C0-296CCF7444A7}.Release|Any CPU.ActiveCfg = Release|Any CPU
		{13FC0B05-5926-4626-89C0-296CCF7444A7}.Release|Any CPU.Build.0 = Release|Any CPU
		{A0B1C924-AE74-416D-B567-1933BA409474}.Debug|Any CPU.ActiveCfg = Debug|Any CPU
		{A0B1C924-AE74-416D-B567-1933BA409474}.Debug|Any CPU.Build.0 = Debug|Any CPU
		{A0B1C924-AE74-416D-B567-1933BA409474}.Release|Any CPU.ActiveCfg = Release|Any CPU
		{A0B1C924-AE74-416D-B567-1933BA409474}.Release|Any CPU.Build.0 = Release|Any CPU
	EndGlobalSection
	GlobalSection(SolutionProperties) = preSolution
		HideSolutionNode = FALSE
	EndGlobalSection
	GlobalSection(NestedProjects) = preSolution
		{14D87B41-8AB2-4596-90AD-42093F1C9674} = {BDD0CC39-5FA5-4BB2-A9D3-B38240D857DE}
		{BDD18A92-72EC-4F70-B32E-84844C60AAD7} = {14D87B41-8AB2-4596-90AD-42093F1C9674}
	EndGlobalSection
	GlobalSection(ExtensibilityGlobals) = postSolution
		SolutionGuid = {564904E0-7427-4A56-AB34-DB79D081C52C}
	EndGlobalSection
EndGlobal
